github.com/FlashFeiFei/yuque v0.0.0-20201105030227-c896d743585a h1:Izqxp3aOg3+lf5LZXRFpfojmpTIRDzvC0nwB5uBGFAs=
github.com/FlashFeiFei/yuque v0.0.0-20201105030227-c896d743585a/go.mod h1:w8chZndzr5msWGIvJlBeEyeVYOSzfMHbqynDrvUKRW8=
github.com/bitly/go-simplejson v0.5.0 h1:6IH+V8/tVMab511d5bn4M7EwGXZf9Hj6i2xSwkNEM+Y=
github.com/bitly/go-simplejson v0.5.0/go.mod h1:cXHtHw4XUPsvGaxgjIAn8PhEWG9NfngEKAMDJEczWVA=
